
Microsoft Visual Studio Solution File, Format Version 12.00
# Visual Studio Version 17
VisualStudioVersion = 17.5.002.0
MinimumVisualStudioVersion = 10.0.40219.1
Project("{9A19103F-16F7-4668-BE54-9A1E7A4F7556}") = "API", "API.csproj", "{8CBEBDDF-45B2-4CAD-BFA0-B88609FFA1C1}"
EndProject
Global
	GlobalSection(SolutionConfigurationPlatforms) = preSolution
		Debug|Any CPU = Debug|Any CPU
		Release|Any CPU = Release|Any CPU
	EndGlobalSection
	GlobalSection(ProjectConfigurationPlatforms) = postSolution
		{8CBEBDDF-45B2-4CAD-BFA0-B88609FFA1C1}.Debug|Any CPU.ActiveCfg = Debug|Any CPU
		{8CBEBDDF-45B2-4CAD-BFA0-B88609FFA1C1}.Debug|Any CPU.Build.0 = Debug|Any CPU
		{8CBEBDDF-45B2-4CAD-BFA0-B88609FFA1C1}.Release|Any CPU.ActiveCfg = Release|Any CPU
		{8CBEBDDF-45B2-4CAD-BFA0-B88609FFA1C1}.Release|Any CPU.Build.0 = Release|Any CPU
	EndGlobalSection
	GlobalSection(SolutionProperties) = preSolution
		HideSolutionNode = FALSE
	EndGlobalSection
	GlobalSection(ExtensibilityGlobals) = postSolution
		SolutionGuid = {B767CB43-ABB7-4E1A-9364-D9769919FA37}
	EndGlobalSection
EndGlobal
